// !$*UTF8*$!
{
	archiveVersion = 1;
	classes = {
	};
	objectVersion = 45;
	objects = {

/* Begin PBXAggregateTarget section */
		882344C513271438005ECBA8 /* AllTests */ = {
			isa = PBXAggregateTarget;
			buildConfigurationList = 882344D213271452005ECBA8 /* Build configuration list for PBXAggregateTarget "AllTests" */;
			buildPhases = (
				882344C413271438005ECBA8 /* ShellScript */,
			);
			dependencies = (
				882344C913271441005ECBA8 /* PBXTargetDependency */,
				882344CB13271441005ECBA8 /* PBXTargetDependency */,
				882344CD13271441005ECBA8 /* PBXTargetDependency */,
			);
			name = AllTests;
			productName = AllTests;
		};
/* End PBXAggregateTarget section */

/* Begin PBXBuildFile section */
		1D3623260D0F684500981E51 /* AppDelegate.m in Sources */ = {isa = PBXBuildFile; fileRef = 1D3623250D0F684500981E51 /* AppDelegate.m */; };
		1D60589B0D05DD56006BFB54 /* main.m in Sources */ = {isa = PBXBuildFile; fileRef = 29B97316FDCFA39411CA2CEA /* main.m */; };
		1D60589F0D05DD5A006BFB54 /* Foundation.framework in Frameworks */ = {isa = PBXBuildFile; fileRef = 1D30AB110D05D00D00671497 /* Foundation.framework */; };
		1DF5F4E00D08C38300B7A737 /* UIKit.framework in Frameworks */ = {isa = PBXBuildFile; fileRef = 1DF5F4DF0D08C38300B7A737 /* UIKit.framework */; };
		288765FD0DF74451002DB57D /* CoreGraphics.framework in Frameworks */ = {isa = PBXBuildFile; fileRef = 288765FC0DF74451002DB57D /* CoreGraphics.framework */; };
		28AD733F0D9D9553002E5188 /* MainWindow.xib in Resources */ = {isa = PBXBuildFile; fileRef = 28AD733E0D9D9553002E5188 /* MainWindow.xib */; };
		8803442612713B4400C25398 /* NSArray+Util.m in Sources */ = {isa = PBXBuildFile; fileRef = 8803442512713B4400C25398 /* NSArray+Util.m */; };
		880AAF3B1309FE4000F6C4D7 /* Authorize.m in Sources */ = {isa = PBXBuildFile; fileRef = 887ADDD612F9955A004BD2A1 /* Authorize.m */; };
		880AAF461309FE5F00F6C4D7 /* NSData+Base64.m in Sources */ = {isa = PBXBuildFile; fileRef = 881611951302BB8F00A6EAB3 /* NSData+Base64.m */; };
		880AAF471309FE5F00F6C4D7 /* OAuth+Additions.m in Sources */ = {isa = PBXBuildFile; fileRef = 881611971302BB8F00A6EAB3 /* OAuth+Additions.m */; };
		880AAF481309FE5F00F6C4D7 /* OAuthCore.m in Sources */ = {isa = PBXBuildFile; fileRef = 881611991302BB8F00A6EAB3 /* OAuthCore.m */; };
		8811D69F12791999008D64E5 /* NSString+Util.m in Sources */ = {isa = PBXBuildFile; fileRef = 8811D69E12791999008D64E5 /* NSString+Util.m */; };
		8811D6A0127919FC008D64E5 /* NSString+Util.m in Sources */ = {isa = PBXBuildFile; fileRef = 8811D69E12791999008D64E5 /* NSString+Util.m */; };
		8811D6BB12791A47008D64E5 /* UIImage+Util.m in Sources */ = {isa = PBXBuildFile; fileRef = 888E633C12717EE7002C18DF /* UIImage+Util.m */; };
		8816119A1302BB8F00A6EAB3 /* NSData+Base64.m in Sources */ = {isa = PBXBuildFile; fileRef = 881611951302BB8F00A6EAB3 /* NSData+Base64.m */; };
		8816119B1302BB8F00A6EAB3 /* OAuth+Additions.m in Sources */ = {isa = PBXBuildFile; fileRef = 881611971302BB8F00A6EAB3 /* OAuth+Additions.m */; };
		8816119C1302BB8F00A6EAB3 /* OAuthCore.m in Sources */ = {isa = PBXBuildFile; fileRef = 881611991302BB8F00A6EAB3 /* OAuthCore.m */; };
		8816119D1302BB8F00A6EAB3 /* NSData+Base64.m in Sources */ = {isa = PBXBuildFile; fileRef = 881611951302BB8F00A6EAB3 /* NSData+Base64.m */; };
		8816119E1302BB8F00A6EAB3 /* OAuth+Additions.m in Sources */ = {isa = PBXBuildFile; fileRef = 881611971302BB8F00A6EAB3 /* OAuth+Additions.m */; };
		8816119F1302BB8F00A6EAB3 /* OAuthCore.m in Sources */ = {isa = PBXBuildFile; fileRef = 881611991302BB8F00A6EAB3 /* OAuthCore.m */; };
		88227D631302AEC4006C0817 /* Security.framework in Frameworks */ = {isa = PBXBuildFile; fileRef = 88227D621302AEC4006C0817 /* Security.framework */; };
		8847DA2512AE1D37003F30EF /* RootViewController.m in Sources */ = {isa = PBXBuildFile; fileRef = 8847DA2412AE1D37003F30EF /* RootViewController.m */; };
		88535B631276820700B35A78 /* URLConnection.m in Sources */ = {isa = PBXBuildFile; fileRef = 88535B621276820700B35A78 /* URLConnection.m */; };
		88535B9D1276A40F00B35A78 /* AlertUtil.m in Sources */ = {isa = PBXBuildFile; fileRef = 88535B9C1276A40F00B35A78 /* AlertUtil.m */; };
		88535BD81276A8D300B35A78 /* AlertUtil.m in Sources */ = {isa = PBXBuildFile; fileRef = 88535B9C1276A40F00B35A78 /* AlertUtil.m */; };
		88535BE21276A90F00B35A78 /* URLConnection.m in Sources */ = {isa = PBXBuildFile; fileRef = 88535B621276820700B35A78 /* URLConnection.m */; };
		8865C097132A548200492799 /* TweetViewController.xib in Resources */ = {isa = PBXBuildFile; fileRef = 8865C096132A548200492799 /* TweetViewController.xib */; };
		8865C09C132A559B00492799 /* TweetViewController.m in Sources */ = {isa = PBXBuildFile; fileRef = 8865C09B132A559B00492799 /* TweetViewController.m */; };
		8866916D12ED442500CD3D2F /* HeaderTrgger.m in Sources */ = {isa = PBXBuildFile; fileRef = 8866916C12ED442500CD3D2F /* HeaderTrgger.m */; };
		886691A612ED4E3000CD3D2F /* TabBarController.m in Sources */ = {isa = PBXBuildFile; fileRef = 886691A512ED4E3000CD3D2F /* TabBarController.m */; };
		8873F4AE12FA3B9000BE1FA1 /* libOCHamcrest.a in Frameworks */ = {isa = PBXBuildFile; fileRef = 888106511270347100F74216 /* libOCHamcrest.a */; };
		8873F4AF12FA3B9000BE1FA1 /* libOCMock.a in Frameworks */ = {isa = PBXBuildFile; fileRef = 888106531270347E00F74216 /* libOCMock.a */; };
		8873F4B012FA3B9C00BE1FA1 /* Authorize.m in Sources */ = {isa = PBXBuildFile; fileRef = 887ADDD612F9955A004BD2A1 /* Authorize.m */; };
		8873F4B112FA3BB100BE1FA1 /* NSArray+Util.m in Sources */ = {isa = PBXBuildFile; fileRef = 8803442512713B4400C25398 /* NSArray+Util.m */; };
		8873F4B212FA3BB100BE1FA1 /* NSString+Util.m in Sources */ = {isa = PBXBuildFile; fileRef = 8811D69E12791999008D64E5 /* NSString+Util.m */; };
		8873F4C312FA3C2C00BE1FA1 /* AuthorizeTest.m in Sources */ = {isa = PBXBuildFile; fileRef = 8873F4C212FA3C2C00BE1FA1 /* AuthorizeTest.m */; };
		8873F5D812FA4A6600BE1FA1 /* URLLoader.m in Sources */ = {isa = PBXBuildFile; fileRef = 8881070C12703F4900F74216 /* URLLoader.m */; };
		8873F5D912FA4A6600BE1FA1 /* URLConnection.m in Sources */ = {isa = PBXBuildFile; fileRef = 88535B621276820700B35A78 /* URLConnection.m */; };
		8873F5FD12FA4D8800BE1FA1 /* AlertUtil.m in Sources */ = {isa = PBXBuildFile; fileRef = 88535B9C1276A40F00B35A78 /* AlertUtil.m */; };
		8873F62B12FA588800BE1FA1 /* NSString+Util.m in Sources */ = {isa = PBXBuildFile; fileRef = 8811D69E12791999008D64E5 /* NSString+Util.m */; };
		887ADD4112F97AB6004BD2A1 /* Localizable.strings in Resources */ = {isa = PBXBuildFile; fileRef = 887ADD4012F97AB6004BD2A1 /* Localizable.strings */; };
		887ADD4512F97ACA004BD2A1 /* InfoPlist.strings in Resources */ = {isa = PBXBuildFile; fileRef = 887ADD4412F97ACA004BD2A1 /* InfoPlist.strings */; };
		8881063F12702DDE00F74216 /* TimeLineViewController.m in Sources */ = {isa = PBXBuildFile; fileRef = 8881063E12702DDE00F74216 /* TimeLineViewController.m */; };
		88810643127030BA00F74216 /* TimeLine.m in Sources */ = {isa = PBXBuildFile; fileRef = 88810642127030BA00F74216 /* TimeLine.m */; };
		888106AA1270376900F74216 /* TimeLine.m in Sources */ = {isa = PBXBuildFile; fileRef = 88810642127030BA00F74216 /* TimeLine.m */; };
		888106AB1270376D00F74216 /* libOCHamcrest.a in Frameworks */ = {isa = PBXBuildFile; fileRef = 888106511270347100F74216 /* libOCHamcrest.a */; };
		888106AC1270377100F74216 /* libOCMock.a in Frameworks */ = {isa = PBXBuildFile; fileRef = 888106531270347E00F74216 /* libOCMock.a */; };
		888106AF1270378400F74216 /* TimeLineTest.m in Sources */ = {isa = PBXBuildFile; fileRef = 888106AE1270378400F74216 /* TimeLineTest.m */; };
		888106E812703ABE00F74216 /* NSObject+SBJSON.m in Sources */ = {isa = PBXBuildFile; fileRef = 888106DF12703ABE00F74216 /* NSObject+SBJSON.m */; };
		888106E912703ABE00F74216 /* NSString+SBJSON.m in Sources */ = {isa = PBXBuildFile; fileRef = 888106E112703ABE00F74216 /* NSString+SBJSON.m */; };
		888106EA12703ABE00F74216 /* SBJsonBase.m in Sources */ = {isa = PBXBuildFile; fileRef = 888106E312703ABE00F74216 /* SBJsonBase.m */; };
		888106EB12703ABE00F74216 /* SBJsonParser.m in Sources */ = {isa = PBXBuildFile; fileRef = 888106E512703ABE00F74216 /* SBJsonParser.m */; };
		888106EC12703ABE00F74216 /* SBJsonWriter.m in Sources */ = {isa = PBXBuildFile; fileRef = 888106E712703ABE00F74216 /* SBJsonWriter.m */; };
		888106ED12703ABE00F74216 /* NSObject+SBJSON.m in Sources */ = {isa = PBXBuildFile; fileRef = 888106DF12703ABE00F74216 /* NSObject+SBJSON.m */; };
		888106EE12703ABE00F74216 /* NSString+SBJSON.m in Sources */ = {isa = PBXBuildFile; fileRef = 888106E112703ABE00F74216 /* NSString+SBJSON.m */; };
		888106EF12703ABE00F74216 /* SBJsonBase.m in Sources */ = {isa = PBXBuildFile; fileRef = 888106E312703ABE00F74216 /* SBJsonBase.m */; };
		888106F012703ABE00F74216 /* SBJsonParser.m in Sources */ = {isa = PBXBuildFile; fileRef = 888106E512703ABE00F74216 /* SBJsonParser.m */; };
		888106F112703ABE00F74216 /* SBJsonWriter.m in Sources */ = {isa = PBXBuildFile; fileRef = 888106E712703ABE00F74216 /* SBJsonWriter.m */; };
		8881070D12703F4900F74216 /* URLLoader.m in Sources */ = {isa = PBXBuildFile; fileRef = 8881070C12703F4900F74216 /* URLLoader.m */; };
		8881070E12703F4900F74216 /* URLLoader.m in Sources */ = {isa = PBXBuildFile; fileRef = 8881070C12703F4900F74216 /* URLLoader.m */; };
		888107291270473E00F74216 /* libOCHamcrest.a in Frameworks */ = {isa = PBXBuildFile; fileRef = 888106511270347100F74216 /* libOCHamcrest.a */; };
		8881072A1270473E00F74216 /* libOCMock.a in Frameworks */ = {isa = PBXBuildFile; fileRef = 888106531270347E00F74216 /* libOCMock.a */; };
		8881072B1270474200F74216 /* URLLoader.m in Sources */ = {isa = PBXBuildFile; fileRef = 8881070C12703F4900F74216 /* URLLoader.m */; };
		8881073E1270478400F74216 /* URLLoaderTest.m in Sources */ = {isa = PBXBuildFile; fileRef = 8881073D1270478400F74216 /* URLLoaderTest.m */; };
		888D6B881329C2F2008D50F0 /* Authorize.m in Sources */ = {isa = PBXBuildFile; fileRef = 887ADDD612F9955A004BD2A1 /* Authorize.m */; };
		888D6C131329D3C3008D50F0 /* noimage.png in Resources */ = {isa = PBXBuildFile; fileRef = 888D6C121329D3C3008D50F0 /* noimage.png */; };
		888D6C151329D3CD008D50F0 /* noimage@2x.png in Resources */ = {isa = PBXBuildFile; fileRef = 888D6C141329D3CD008D50F0 /* noimage@2x.png */; };
		888E633D12717EE7002C18DF /* UIImage+Util.m in Sources */ = {isa = PBXBuildFile; fileRef = 888E633C12717EE7002C18DF /* UIImage+Util.m */; };
		88CD65E312F95E9C00153F11 /* Icon-72.png in Resources */ = {isa = PBXBuildFile; fileRef = 88CD65DF12F95E9C00153F11 /* Icon-72.png */; };
		88CD65E412F95E9C00153F11 /* Icon-Small-50.png in Resources */ = {isa = PBXBuildFile; fileRef = 88CD65E012F95E9C00153F11 /* Icon-Small-50.png */; };
		88CD65E512F95E9C00153F11 /* iTunesArtwork in Resources */ = {isa = PBXBuildFile; fileRef = 88CD65E112F95E9C00153F11 /* iTunesArtwork */; };
		88CD65E612F95E9C00153F11 /* Icon-Small.png in Resources */ = {isa = PBXBuildFile; fileRef = 88CD65E212F95E9C00153F11 /* Icon-Small.png */; };
		88CD65ED12F9609D00153F11 /* Default-Landscape.png in Resources */ = {isa = PBXBuildFile; fileRef = 88CD65EB12F9609D00153F11 /* Default-Landscape.png */; };
		88CD65EE12F9609D00153F11 /* Default-Portrait.png in Resources */ = {isa = PBXBuildFile; fileRef = 88CD65EC12F9609D00153F11 /* Default-Portrait.png */; };
		88CD65F712F9610000153F11 /* public.png in Resources */ = {isa = PBXBuildFile; fileRef = 88CD65F612F9610000153F11 /* public.png */; };
		88CD65F912F9610500153F11 /* public@2x.png in Resources */ = {isa = PBXBuildFile; fileRef = 88CD65F812F9610500153F11 /* public@2x.png */; };
		88CDB3341303D16C00D93CD0 /* NSData+Util.m in Sources */ = {isa = PBXBuildFile; fileRef = 88CDB3331303D16C00D93CD0 /* NSData+Util.m */; };
		88CDB3351303D16C00D93CD0 /* NSData+Util.m in Sources */ = {isa = PBXBuildFile; fileRef = 88CDB3331303D16C00D93CD0 /* NSData+Util.m */; };
		88CDB3931303D92500D93CD0 /* NSData+Util.m in Sources */ = {isa = PBXBuildFile; fileRef = 88CDB3331303D16C00D93CD0 /* NSData+Util.m */; };
		88DB50321276D2B3005F4E2A /* URLConnection.m in Sources */ = {isa = PBXBuildFile; fileRef = 88535B621276820700B35A78 /* URLConnection.m */; };
		88DB50761276D452005F4E2A /* AlertUtil.m in Sources */ = {isa = PBXBuildFile; fileRef = 88535B9C1276A40F00B35A78 /* AlertUtil.m */; };
/* End PBXBuildFile section */

/* Begin PBXContainerItemProxy section */
		882344C813271441005ECBA8 /* PBXContainerItemProxy */ = {
			isa = PBXContainerItemProxy;
			containerPortal = 29B97313FDCFA39411CA2CEA /* Project object */;
			proxyType = 1;
			remoteGlobalIDString = 8873F4A812FA3B2800BE1FA1;
			remoteInfo = AuthorizeTest;
		};
		882344CA13271441005ECBA8 /* PBXContainerItemProxy */ = {
			isa = PBXContainerItemProxy;
			containerPortal = 29B97313FDCFA39411CA2CEA /* Project object */;
			proxyType = 1;
			remoteGlobalIDString = 8881065A127034D800F74216;
			remoteInfo = TimeLineTest;
		};
		882344CC13271441005ECBA8 /* PBXContainerItemProxy */ = {
			isa = PBXContainerItemProxy;
			containerPortal = 29B97313FDCFA39411CA2CEA /* Project object */;
			proxyType = 1;
			remoteGlobalIDString = 88810723127046EF00F74216;
			remoteInfo = URLLoaderTest;
		};
/* End PBXContainerItemProxy section */

/* Begin PBXFileReference section */
		1D30AB110D05D00D00671497 /* Foundation.framework */ = {isa = PBXFileReference; lastKnownFileType = wrapper.framework; name = Foundation.framework; path = System/Library/Frameworks/Foundation.framework; sourceTree = SDKROOT; };
		1D3623240D0F684500981E51 /* AppDelegate.h */ = {isa = PBXFileReference; fileEncoding = 4; lastKnownFileType = sourcecode.c.h; path = AppDelegate.h; sourceTree = "<group>"; };
		1D3623250D0F684500981E51 /* AppDelegate.m */ = {isa = PBXFileReference; fileEncoding = 4; lastKnownFileType = sourcecode.c.objc; path = AppDelegate.m; sourceTree = "<group>"; };
		1D6058910D05DD3D006BFB54 /* iPadApp.app */ = {isa = PBXFileReference; explicitFileType = wrapper.application; includeInIndex = 0; path = iPadApp.app; sourceTree = BUILT_PRODUCTS_DIR; };
		1DF5F4DF0D08C38300B7A737 /* UIKit.framework */ = {isa = PBXFileReference; lastKnownFileType = wrapper.framework; name = UIKit.framework; path = System/Library/Frameworks/UIKit.framework; sourceTree = SDKROOT; };
		288765FC0DF74451002DB57D /* CoreGraphics.framework */ = {isa = PBXFileReference; lastKnownFileType = wrapper.framework; name = CoreGraphics.framework; path = System/Library/Frameworks/CoreGraphics.framework; sourceTree = SDKROOT; };
		28AD733E0D9D9553002E5188 /* MainWindow.xib */ = {isa = PBXFileReference; lastKnownFileType = file.xib; path = MainWindow.xib; sourceTree = "<group>"; };
		29B97316FDCFA39411CA2CEA /* main.m */ = {isa = PBXFileReference; fileEncoding = 4; lastKnownFileType = sourcecode.c.objc; path = main.m; sourceTree = "<group>"; };
		32CA4F630368D1EE00C91783 /* Prefix.pch */ = {isa = PBXFileReference; fileEncoding = 4; lastKnownFileType = sourcecode.c.h; path = Prefix.pch; sourceTree = "<group>"; };
		8803442412713B4400C25398 /* NSArray+Util.h */ = {isa = PBXFileReference; fileEncoding = 4; lastKnownFileType = sourcecode.c.h; path = "NSArray+Util.h"; sourceTree = "<group>"; };
		8803442512713B4400C25398 /* NSArray+Util.m */ = {isa = PBXFileReference; fileEncoding = 4; lastKnownFileType = sourcecode.c.objc; path = "NSArray+Util.m"; sourceTree = "<group>"; };
		8803442712713BF900C25398 /* Categories.h */ = {isa = PBXFileReference; fileEncoding = 4; lastKnownFileType = sourcecode.c.h; path = Categories.h; sourceTree = "<group>"; };
		8811D69D12791999008D64E5 /* NSString+Util.h */ = {isa = PBXFileReference; fileEncoding = 4; lastKnownFileType = sourcecode.c.h; path = "NSString+Util.h"; sourceTree = "<group>"; };
		8811D69E12791999008D64E5 /* NSString+Util.m */ = {isa = PBXFileReference; fileEncoding = 4; lastKnownFileType = sourcecode.c.objc; path = "NSString+Util.m"; sourceTree = "<group>"; };
		881611941302BB8F00A6EAB3 /* NSData+Base64.h */ = {isa = PBXFileReference; fileEncoding = 4; lastKnownFileType = sourcecode.c.h; path = "NSData+Base64.h"; sourceTree = "<group>"; };
		881611951302BB8F00A6EAB3 /* NSData+Base64.m */ = {isa = PBXFileReference; fileEncoding = 4; lastKnownFileType = sourcecode.c.objc; path = "NSData+Base64.m"; sourceTree = "<group>"; };
		881611961302BB8F00A6EAB3 /* OAuth+Additions.h */ = {isa = PBXFileReference; fileEncoding = 4; lastKnownFileType = sourcecode.c.h; path = "OAuth+Additions.h"; sourceTree = "<group>"; };
		881611971302BB8F00A6EAB3 /* OAuth+Additions.m */ = {isa = PBXFileReference; fileEncoding = 4; lastKnownFileType = sourcecode.c.objc; path = "OAuth+Additions.m"; sourceTree = "<group>"; };
		881611981302BB8F00A6EAB3 /* OAuthCore.h */ = {isa = PBXFileReference; fileEncoding = 4; lastKnownFileType = sourcecode.c.h; path = OAuthCore.h; sourceTree = "<group>"; };
		881611991302BB8F00A6EAB3 /* OAuthCore.m */ = {isa = PBXFileReference; fileEncoding = 4; lastKnownFileType = sourcecode.c.objc; path = OAuthCore.m; sourceTree = "<group>"; };
		88227D621302AEC4006C0817 /* Security.framework */ = {isa = PBXFileReference; lastKnownFileType = wrapper.framework; name = Security.framework; path = System/Library/Frameworks/Security.framework; sourceTree = SDKROOT; };
		8847DA2312AE1D37003F30EF /* RootViewController.h */ = {isa = PBXFileReference; fileEncoding = 4; lastKnownFileType = sourcecode.c.h; path = RootViewController.h; sourceTree = "<group>"; };
		8847DA2412AE1D37003F30EF /* RootViewController.m */ = {isa = PBXFileReference; fileEncoding = 4; lastKnownFileType = sourcecode.c.objc; path = RootViewController.m; sourceTree = "<group>"; };
		88535B611276820700B35A78 /* URLConnection.h */ = {isa = PBXFileReference; fileEncoding = 4; lastKnownFileType = sourcecode.c.h; path = URLConnection.h; sourceTree = "<group>"; };
		88535B621276820700B35A78 /* URLConnection.m */ = {isa = PBXFileReference; fileEncoding = 4; lastKnownFileType = sourcecode.c.objc; path = URLConnection.m; sourceTree = "<group>"; };
		88535B7D12769E1F00B35A78 /* define.h */ = {isa = PBXFileReference; fileEncoding = 4; lastKnownFileType = sourcecode.c.h; path = define.h; sourceTree = "<group>"; };
		88535B9B1276A40F00B35A78 /* AlertUtil.h */ = {isa = PBXFileReference; fileEncoding = 4; lastKnownFileType = sourcecode.c.h; path = AlertUtil.h; sourceTree = "<group>"; };
		88535B9C1276A40F00B35A78 /* AlertUtil.m */ = {isa = PBXFileReference; fileEncoding = 4; lastKnownFileType = sourcecode.c.objc; path = AlertUtil.m; sourceTree = "<group>"; };
		8865C096132A548200492799 /* TweetViewController.xib */ = {isa = PBXFileReference; lastKnownFileType = file.xib; path = TweetViewController.xib; sourceTree = "<group>"; };
		8865C09A132A559B00492799 /* TweetViewController.h */ = {isa = PBXFileReference; fileEncoding = 4; lastKnownFileType = sourcecode.c.h; path = TweetViewController.h; sourceTree = "<group>"; };
		8865C09B132A559B00492799 /* TweetViewController.m */ = {isa = PBXFileReference; fileEncoding = 4; lastKnownFileType = sourcecode.c.objc; path = TweetViewController.m; sourceTree = "<group>"; };
		8866916B12ED442500CD3D2F /* HeaderTrgger.h */ = {isa = PBXFileReference; fileEncoding = 4; lastKnownFileType = sourcecode.c.h; path = HeaderTrgger.h; sourceTree = "<group>"; };
		8866916C12ED442500CD3D2F /* HeaderTrgger.m */ = {isa = PBXFileReference; fileEncoding = 4; lastKnownFileType = sourcecode.c.objc; path = HeaderTrgger.m; sourceTree = "<group>"; };
		886691A412ED4E3000CD3D2F /* TabBarController.h */ = {isa = PBXFileReference; fileEncoding = 4; lastKnownFileType = sourcecode.c.h; path = TabBarController.h; sourceTree = "<group>"; };
		886691A512ED4E3000CD3D2F /* TabBarController.m */ = {isa = PBXFileReference; fileEncoding = 4; lastKnownFileType = sourcecode.c.objc; path = TabBarController.m; sourceTree = "<group>"; };
		8873F4A912FA3B2800BE1FA1 /* AuthorizeTest.octest */ = {isa = PBXFileReference; explicitFileType = wrapper.cfbundle; includeInIndex = 0; path = AuthorizeTest.octest; sourceTree = BUILT_PRODUCTS_DIR; };
		8873F4AA12FA3B2800BE1FA1 /* AuthorizeTest-Info.plist */ = {isa = PBXFileReference; lastKnownFileType = text.plist.xml; path = "AuthorizeTest-Info.plist"; sourceTree = "<group>"; };
		8873F4C112FA3C2C00BE1FA1 /* AuthorizeTest.h */ = {isa = PBXFileReference; fileEncoding = 4; lastKnownFileType = sourcecode.c.h; path = AuthorizeTest.h; sourceTree = "<group>"; };
		8873F4C212FA3C2C00BE1FA1 /* AuthorizeTest.m */ = {isa = PBXFileReference; fileEncoding = 4; lastKnownFileType = sourcecode.c.objc; path = AuthorizeTest.m; sourceTree = "<group>"; };
		887ADD3B12F97A52004BD2A1 /* English */ = {isa = PBXFileReference; fileEncoding = 4; lastKnownFileType = text.plist.strings; name = English; path = English.lproj/InfoPlist.strings; sourceTree = "<group>"; };
		887ADD3E12F97A8F004BD2A1 /* English */ = {isa = PBXFileReference; explicitFileType = text.plist.strings; fileEncoding = 4; name = English; path = English.lproj/Localizable.strings; sourceTree = "<group>"; };
		887ADD4212F97AC0004BD2A1 /* French */ = {isa = PBXFileReference; lastKnownFileType = text.plist.strings; name = French; path = French.lproj/Localizable.strings; sourceTree = "<group>"; };
		887ADD4312F97AC5004BD2A1 /* Japanese */ = {isa = PBXFileReference; lastKnownFileType = text.plist.strings; name = Japanese; path = Japanese.lproj/Localizable.strings; sourceTree = "<group>"; };
		887ADD4612F97AD2004BD2A1 /* French */ = {isa = PBXFileReference; lastKnownFileType = text.plist.strings; name = French; path = French.lproj/InfoPlist.strings; sourceTree = "<group>"; };
		887ADD4712F97AD5004BD2A1 /* Japanese */ = {isa = PBXFileReference; lastKnownFileType = text.plist.strings; name = Japanese; path = Japanese.lproj/InfoPlist.strings; sourceTree = "<group>"; };
		887ADDD512F9955A004BD2A1 /* Authorize.h */ = {isa = PBXFileReference; fileEncoding = 4; lastKnownFileType = sourcecode.c.h; path = Authorize.h; sourceTree = "<group>"; };
		887ADDD612F9955A004BD2A1 /* Authorize.m */ = {isa = PBXFileReference; fileEncoding = 4; lastKnownFileType = sourcecode.c.objc; path = Authorize.m; sourceTree = "<group>"; };
		8881063D12702DDE00F74216 /* TimeLineViewController.h */ = {isa = PBXFileReference; fileEncoding = 4; lastKnownFileType = sourcecode.c.h; path = TimeLineViewController.h; sourceTree = "<group>"; };
		8881063E12702DDE00F74216 /* TimeLineViewController.m */ = {isa = PBXFileReference; fileEncoding = 4; lastKnownFileType = sourcecode.c.objc; path = TimeLineViewController.m; sourceTree = "<group>"; };
		88810641127030BA00F74216 /* TimeLine.h */ = {isa = PBXFileReference; fileEncoding = 4; lastKnownFileType = sourcecode.c.h; path = TimeLine.h; sourceTree = "<group>"; };
		88810642127030BA00F74216 /* TimeLine.m */ = {isa = PBXFileReference; fileEncoding = 4; lastKnownFileType = sourcecode.c.objc; path = TimeLine.m; sourceTree = "<group>"; };
		888106511270347100F74216 /* libOCHamcrest.a */ = {isa = PBXFileReference; lastKnownFileType = archive.ar; name = libOCHamcrest.a; path = OCHamcrest/libOCHamcrest.a; sourceTree = "<group>"; };
		888106531270347E00F74216 /* libOCMock.a */ = {isa = PBXFileReference; lastKnownFileType = archive.ar; name = libOCMock.a; path = OCMock/libOCMock.a; sourceTree = "<group>"; };
		8881065B127034D800F74216 /* TimeLineTest.octest */ = {isa = PBXFileReference; explicitFileType = wrapper.cfbundle; includeInIndex = 0; path = TimeLineTest.octest; sourceTree = BUILT_PRODUCTS_DIR; };
		8881065C127034D800F74216 /* TimeLineTest-Info.plist */ = {isa = PBXFileReference; lastKnownFileType = text.plist.xml; path = "TimeLineTest-Info.plist"; sourceTree = "<group>"; };
		888106AD1270378400F74216 /* TimeLineTest.h */ = {isa = PBXFileReference; fileEncoding = 4; lastKnownFileType = sourcecode.c.h; path = TimeLineTest.h; sourceTree = "<group>"; };
		888106AE1270378400F74216 /* TimeLineTest.m */ = {isa = PBXFileReference; fileEncoding = 4; lastKnownFileType = sourcecode.c.objc; path = TimeLineTest.m; sourceTree = "<group>"; };
		888106DD12703ABE00F74216 /* JSON.h */ = {isa = PBXFileReference; fileEncoding = 4; lastKnownFileType = sourcecode.c.h; path = JSON.h; sourceTree = "<group>"; };
		888106DE12703ABE00F74216 /* NSObject+SBJSON.h */ = {isa = PBXFileReference; fileEncoding = 4; lastKnownFileType = sourcecode.c.h; path = "NSObject+SBJSON.h"; sourceTree = "<group>"; };
		888106DF12703ABE00F74216 /* NSObject+SBJSON.m */ = {isa = PBXFileReference; fileEncoding = 4; lastKnownFileType = sourcecode.c.objc; path = "NSObject+SBJSON.m"; sourceTree = "<group>"; };
		888106E012703ABE00F74216 /* NSString+SBJSON.h */ = {isa = PBXFileReference; fileEncoding = 4; lastKnownFileType = sourcecode.c.h; path = "NSString+SBJSON.h"; sourceTree = "<group>"; };
		888106E112703ABE00F74216 /* NSString+SBJSON.m */ = {isa = PBXFileReference; fileEncoding = 4; lastKnownFileType = sourcecode.c.objc; path = "NSString+SBJSON.m"; sourceTree = "<group>"; };
		888106E212703ABE00F74216 /* SBJsonBase.h */ = {isa = PBXFileReference; fileEncoding = 4; lastKnownFileType = sourcecode.c.h; path = SBJsonBase.h; sourceTree = "<group>"; };
		888106E312703ABE00F74216 /* SBJsonBase.m */ = {isa = PBXFileReference; fileEncoding = 4; lastKnownFileType = sourcecode.c.objc; path = SBJsonBase.m; sourceTree = "<group>"; };
		888106E412703ABE00F74216 /* SBJsonParser.h */ = {isa = PBXFileReference; fileEncoding = 4; lastKnownFileType = sourcecode.c.h; path = SBJsonParser.h; sourceTree = "<group>"; };
		888106E512703ABE00F74216 /* SBJsonParser.m */ = {isa = PBXFileReference; fileEncoding = 4; lastKnownFileType = sourcecode.c.objc; path = SBJsonParser.m; sourceTree = "<group>"; };
		888106E612703ABE00F74216 /* SBJsonWriter.h */ = {isa = PBXFileReference; fileEncoding = 4; lastKnownFileType = sourcecode.c.h; path = SBJsonWriter.h; sourceTree = "<group>"; };
		888106E712703ABE00F74216 /* SBJsonWriter.m */ = {isa = PBXFileReference; fileEncoding = 4; lastKnownFileType = sourcecode.c.objc; path = SBJsonWriter.m; sourceTree = "<group>"; };
		8881070B12703F4900F74216 /* URLLoader.h */ = {isa = PBXFileReference; fileEncoding = 4; lastKnownFileType = sourcecode.c.h; path = URLLoader.h; sourceTree = "<group>"; };
		8881070C12703F4900F74216 /* URLLoader.m */ = {isa = PBXFileReference; fileEncoding = 4; lastKnownFileType = sourcecode.c.objc; path = URLLoader.m; sourceTree = "<group>"; };
		88810724127046EF00F74216 /* NetworkTest.octest */ = {isa = PBXFileReference; explicitFileType = wrapper.cfbundle; includeInIndex = 0; path = NetworkTest.octest; sourceTree = BUILT_PRODUCTS_DIR; };
		88810725127046EF00F74216 /* NetworkTest-Info.plist */ = {isa = PBXFileReference; lastKnownFileType = text.plist.xml; path = "NetworkTest-Info.plist"; sourceTree = "<group>"; };
		8881073C1270478400F74216 /* URLLoaderTest.h */ = {isa = PBXFileReference; fileEncoding = 4; lastKnownFileType = sourcecode.c.h; path = URLLoaderTest.h; sourceTree = "<group>"; };
		8881073D1270478400F74216 /* URLLoaderTest.m */ = {isa = PBXFileReference; fileEncoding = 4; lastKnownFileType = sourcecode.c.objc; path = URLLoaderTest.m; sourceTree = "<group>"; };
		888D6C121329D3C3008D50F0 /* noimage.png */ = {isa = PBXFileReference; lastKnownFileType = image.png; path = noimage.png; sourceTree = "<group>"; };
		888D6C141329D3CD008D50F0 /* noimage@2x.png */ = {isa = PBXFileReference; lastKnownFileType = image.png; path = "noimage@2x.png"; sourceTree = "<group>"; };
		888E633B12717EE7002C18DF /* UIImage+Util.h */ = {isa = PBXFileReference; fileEncoding = 4; lastKnownFileType = sourcecode.c.h; path = "UIImage+Util.h"; sourceTree = "<group>"; };
		888E633C12717EE7002C18DF /* UIImage+Util.m */ = {isa = PBXFileReference; fileEncoding = 4; lastKnownFileType = sourcecode.c.objc; path = "UIImage+Util.m"; sourceTree = "<group>"; };
		88CD65DF12F95E9C00153F11 /* Icon-72.png */ = {isa = PBXFileReference; lastKnownFileType = image.png; path = "Icon-72.png"; sourceTree = "<group>"; };
		88CD65E012F95E9C00153F11 /* Icon-Small-50.png */ = {isa = PBXFileReference; lastKnownFileType = image.png; path = "Icon-Small-50.png"; sourceTree = "<group>"; };
		88CD65E112F95E9C00153F11 /* iTunesArtwork */ = {isa = PBXFileReference; lastKnownFileType = file; path = iTunesArtwork; sourceTree = "<group>"; };
		88CD65E212F95E9C00153F11 /* Icon-Small.png */ = {isa = PBXFileReference; lastKnownFileType = image.png; path = "Icon-Small.png"; sourceTree = "<group>"; };
		88CD65EB12F9609D00153F11 /* Default-Landscape.png */ = {isa = PBXFileReference; lastKnownFileType = image.png; path = "Default-Landscape.png"; sourceTree = "<group>"; };
		88CD65EC12F9609D00153F11 /* Default-Portrait.png */ = {isa = PBXFileReference; lastKnownFileType = image.png; path = "Default-Portrait.png"; sourceTree = "<group>"; };
		88CD65F612F9610000153F11 /* public.png */ = {isa = PBXFileReference; lastKnownFileType = image.png; path = public.png; sourceTree = "<group>"; };
		88CD65F812F9610500153F11 /* public@2x.png */ = {isa = PBXFileReference; lastKnownFileType = image.png; path = "public@2x.png"; sourceTree = "<group>"; };
		88CDB3321303D16C00D93CD0 /* NSData+Util.h */ = {isa = PBXFileReference; fileEncoding = 4; lastKnownFileType = sourcecode.c.h; path = "NSData+Util.h"; sourceTree = "<group>"; };
		88CDB3331303D16C00D93CD0 /* NSData+Util.m */ = {isa = PBXFileReference; fileEncoding = 4; lastKnownFileType = sourcecode.c.objc; path = "NSData+Util.m"; sourceTree = "<group>"; };
		8D1107310486CEB800E47090 /* iPadApp-Info.plist */ = {isa = PBXFileReference; fileEncoding = 4; lastKnownFileType = text.plist.xml; path = "iPadApp-Info.plist"; plistStructureDefinitionIdentifier = "com.apple.xcode.plist.structure-definition.iphone.info-plist"; sourceTree = "<group>"; };
/* End PBXFileReference section */

/* Begin PBXFrameworksBuildPhase section */
		1D60588F0D05DD3D006BFB54 /* Frameworks */ = {
			isa = PBXFrameworksBuildPhase;
			buildActionMask = 2147483647;
			files = (
				1D60589F0D05DD5A006BFB54 /* Foundation.framework in Frameworks */,
				1DF5F4E00D08C38300B7A737 /* UIKit.framework in Frameworks */,
				288765FD0DF74451002DB57D /* CoreGraphics.framework in Frameworks */,
			);
			runOnlyForDeploymentPostprocessing = 0;
		};
		8873F4A612FA3B2800BE1FA1 /* Frameworks */ = {
			isa = PBXFrameworksBuildPhase;
			buildActionMask = 2147483647;
			files = (
				8873F4AE12FA3B9000BE1FA1 /* libOCHamcrest.a in Frameworks */,
				8873F4AF12FA3B9000BE1FA1 /* libOCMock.a in Frameworks */,
				88227D631302AEC4006C0817 /* Security.framework in Frameworks */,
			);
			runOnlyForDeploymentPostprocessing = 0;
		};
		88810658127034D800F74216 /* Frameworks */ = {
			isa = PBXFrameworksBuildPhase;
			buildActionMask = 2147483647;
			files = (
				888106AB1270376D00F74216 /* libOCHamcrest.a in Frameworks */,
				888106AC1270377100F74216 /* libOCMock.a in Frameworks */,
			);
			runOnlyForDeploymentPostprocessing = 0;
		};
		88810721127046EF00F74216 /* Frameworks */ = {
			isa = PBXFrameworksBuildPhase;
			buildActionMask = 2147483647;
			files = (
				888107291270473E00F74216 /* libOCHamcrest.a in Frameworks */,
				8881072A1270473E00F74216 /* libOCMock.a in Frameworks */,
			);
			runOnlyForDeploymentPostprocessing = 0;
		};
/* End PBXFrameworksBuildPhase section */

/* Begin PBXGroup section */
		080E96DDFE201D6D7F000001 /* Classes */ = {
			isa = PBXGroup;
			children = (
				8881062812702A1D00F74216 /* src */,
				88810644127033FE00F74216 /* test */,
			);
			path = Classes;
			sourceTree = "<group>";
		};
		19C28FACFE9D520D11CA2CBB /* Products */ = {
			isa = PBXGroup;
			children = (
				1D6058910D05DD3D006BFB54 /* iPadApp.app */,
				8881065B127034D800F74216 /* TimeLineTest.octest */,
				88810724127046EF00F74216 /* NetworkTest.octest */,
				8873F4A912FA3B2800BE1FA1 /* AuthorizeTest.octest */,
			);
			name = Products;
			sourceTree = "<group>";
		};
		29B97314FDCFA39411CA2CEA /* CustomTemplate */ = {
			isa = PBXGroup;
			children = (
				080E96DDFE201D6D7F000001 /* Classes */,
				29B97317FDCFA39411CA2CEA /* Resources */,
				29B97323FDCFA39411CA2CEA /* Frameworks */,
				19C28FACFE9D520D11CA2CBB /* Products */,
			);
			name = CustomTemplate;
			sourceTree = "<group>";
		};
		29B97317FDCFA39411CA2CEA /* Resources */ = {
			isa = PBXGroup;
			children = (
				88DB50D01276E18D005F4E2A /* img */,
				8881063512702B2A00F74216 /* plist */,
				887ADD2812F97A12004BD2A1 /* strings */,
				8881063612702B4100F74216 /* xib */,
			);
			path = Resources;
			sourceTree = "<group>";
		};
		29B97323FDCFA39411CA2CEA /* Frameworks */ = {
			isa = PBXGroup;
			children = (
				1DF5F4DF0D08C38300B7A737 /* UIKit.framework */,
				1D30AB110D05D00D00671497 /* Foundation.framework */,
				288765FC0DF74451002DB57D /* CoreGraphics.framework */,
				88227D621302AEC4006C0817 /* Security.framework */,
				888106511270347100F74216 /* libOCHamcrest.a */,
				888106531270347E00F74216 /* libOCMock.a */,
			);
			path = Frameworks;
			sourceTree = "<group>";
		};
		8803441E12713A5200C25398 /* Categories */ = {
			isa = PBXGroup;
			children = (
				8803442712713BF900C25398 /* Categories.h */,
				8803442412713B4400C25398 /* NSArray+Util.h */,
				8803442512713B4400C25398 /* NSArray+Util.m */,
				88CDB3321303D16C00D93CD0 /* NSData+Util.h */,
				88CDB3331303D16C00D93CD0 /* NSData+Util.m */,
				8811D69D12791999008D64E5 /* NSString+Util.h */,
				8811D69E12791999008D64E5 /* NSString+Util.m */,
				888E633B12717EE7002C18DF /* UIImage+Util.h */,
				888E633C12717EE7002C18DF /* UIImage+Util.m */,
			);
			path = Categories;
			sourceTree = "<group>";
		};
		8847DA2212AE1D14003F30EF /* RootViewController */ = {
			isa = PBXGroup;
			children = (
				8847DA2312AE1D37003F30EF /* RootViewController.h */,
				8847DA2412AE1D37003F30EF /* RootViewController.m */,
			);
			path = RootViewController;
			sourceTree = "<group>";
		};
		88535B9A1276A3F500B35A78 /* Util */ = {
			isa = PBXGroup;
			children = (
				88535B9B1276A40F00B35A78 /* AlertUtil.h */,
				88535B9C1276A40F00B35A78 /* AlertUtil.m */,
			);
			path = Util;
			sourceTree = "<group>";
		};
		8865C095132A546100492799 /* TweetViewController */ = {
			isa = PBXGroup;
			children = (
				8865C096132A548200492799 /* TweetViewController.xib */,
			);
			path = TweetViewController;
			sourceTree = "<group>";
		};
		8865C099132A556F00492799 /* TweetViewController */ = {
			isa = PBXGroup;
			children = (
				8865C09A132A559B00492799 /* TweetViewController.h */,
				8865C09B132A559B00492799 /* TweetViewController.m */,
			);
			path = TweetViewController;
			sourceTree = "<group>";
		};
		8866916612ED43CF00CD3D2F /* View */ = {
			isa = PBXGroup;
			children = (
				8866916A12ED440400CD3D2F /* HeaderTrigger */,
			);
			path = View;
			sourceTree = "<group>";
		};
		8866916A12ED440400CD3D2F /* HeaderTrigger */ = {
			isa = PBXGroup;
			children = (
				8866916B12ED442500CD3D2F /* HeaderTrgger.h */,
				8866916C12ED442500CD3D2F /* HeaderTrgger.m */,
			);
			path = HeaderTrigger;
			sourceTree = "<group>";
		};
		886691A312ED4E0E00CD3D2F /* TabBarController */ = {
			isa = PBXGroup;
			children = (
				886691A412ED4E3000CD3D2F /* TabBarController.h */,
				886691A512ED4E3000CD3D2F /* TabBarController.m */,
			);
			path = TabBarController;
			sourceTree = "<group>";
		};
		887ADD2812F97A12004BD2A1 /* strings */ = {
			isa = PBXGroup;
			children = (
				887ADD4412F97ACA004BD2A1 /* InfoPlist.strings */,
				887ADD4012F97AB6004BD2A1 /* Localizable.strings */,
			);
			path = strings;
			sourceTree = "<group>";
		};
		8881062712702A1500F74216 /* Delegate */ = {
			isa = PBXGroup;
			children = (
				1D3623240D0F684500981E51 /* AppDelegate.h */,
				1D3623250D0F684500981E51 /* AppDelegate.m */,
			);
			path = Delegate;
			sourceTree = "<group>";
		};
		8881062812702A1D00F74216 /* src */ = {
			isa = PBXGroup;
			children = (
				8803441E12713A5200C25398 /* Categories */,
				8881062712702A1500F74216 /* Delegate */,
				888106DC12703A9B00F74216 /* JSON */,
				8881062F12702A8A00F74216 /* main */,
				8881070A12703F2A00F74216 /* Network */,
				88F7A0E112FAA7A200934680 /* OAuth */,
				888106401270308D00F74216 /* Twitter */,
				88535B9A1276A3F500B35A78 /* Util */,
				8866916612ED43CF00CD3D2F /* View */,
				8881063A12702D5200F74216 /* ViewController */,
			);
			path = src;
			sourceTree = "<group>";
		};
		8881062F12702A8A00F74216 /* main */ = {
			isa = PBXGroup;
			children = (
				88535B7D12769E1F00B35A78 /* define.h */,
				29B97316FDCFA39411CA2CEA /* main.m */,
				32CA4F630368D1EE00C91783 /* Prefix.pch */,
			);
			path = main;
			sourceTree = "<group>";
		};
		8881063512702B2A00F74216 /* plist */ = {
			isa = PBXGroup;
			children = (
				88810660127034EA00F74216 /* Test */,
				8D1107310486CEB800E47090 /* iPadApp-Info.plist */,
			);
			path = plist;
			sourceTree = "<group>";
		};
		8881063612702B4100F74216 /* xib */ = {
			isa = PBXGroup;
			children = (
				8865C095132A546100492799 /* TweetViewController */,
				28AD733E0D9D9553002E5188 /* MainWindow.xib */,
			);
			path = xib;
			sourceTree = "<group>";
		};
		8881063A12702D5200F74216 /* ViewController */ = {
			isa = PBXGroup;
			children = (
				8847DA2212AE1D14003F30EF /* RootViewController */,
				886691A312ED4E0E00CD3D2F /* TabBarController */,
				88DB50C01276DE68005F4E2A /* TimeLineViewController */,
				8865C099132A556F00492799 /* TweetViewController */,
			);
			path = ViewController;
			sourceTree = "<group>";
		};
		888106401270308D00F74216 /* Twitter */ = {
			isa = PBXGroup;
			children = (
				887ADDD512F9955A004BD2A1 /* Authorize.h */,
				887ADDD612F9955A004BD2A1 /* Authorize.m */,
				88810641127030BA00F74216 /* TimeLine.h */,
				88810642127030BA00F74216 /* TimeLine.m */,
			);
			path = Twitter;
			sourceTree = "<group>";
		};
		88810644127033FE00F74216 /* test */ = {
			isa = PBXGroup;
			children = (
				8881071E127046D700F74216 /* Network */,
				88810655127034A900F74216 /* Twitter */,
			);
			path = test;
			sourceTree = "<group>";
		};
		88810655127034A900F74216 /* Twitter */ = {
			isa = PBXGroup;
			children = (
				8873F4C112FA3C2C00BE1FA1 /* AuthorizeTest.h */,
				8873F4C212FA3C2C00BE1FA1 /* AuthorizeTest.m */,
				888106AD1270378400F74216 /* TimeLineTest.h */,
				888106AE1270378400F74216 /* TimeLineTest.m */,
			);
			path = Twitter;
			sourceTree = "<group>";
		};
		88810660127034EA00F74216 /* Test */ = {
			isa = PBXGroup;
			children = (
				8873F4AA12FA3B2800BE1FA1 /* AuthorizeTest-Info.plist */,
				88810725127046EF00F74216 /* NetworkTest-Info.plist */,
				8881065C127034D800F74216 /* TimeLineTest-Info.plist */,
			);
			path = Test;
			sourceTree = "<group>";
		};
		888106DC12703A9B00F74216 /* JSON */ = {
			isa = PBXGroup;
			children = (
				888106DD12703ABE00F74216 /* JSON.h */,
				888106DE12703ABE00F74216 /* NSObject+SBJSON.h */,
				888106DF12703ABE00F74216 /* NSObject+SBJSON.m */,
				888106E012703ABE00F74216 /* NSString+SBJSON.h */,
				888106E112703ABE00F74216 /* NSString+SBJSON.m */,
				888106E212703ABE00F74216 /* SBJsonBase.h */,
				888106E312703ABE00F74216 /* SBJsonBase.m */,
				888106E412703ABE00F74216 /* SBJsonParser.h */,
				888106E512703ABE00F74216 /* SBJsonParser.m */,
				888106E612703ABE00F74216 /* SBJsonWriter.h */,
				888106E712703ABE00F74216 /* SBJsonWriter.m */,
			);
			path = JSON;
			sourceTree = "<group>";
		};
		8881070A12703F2A00F74216 /* Network */ = {
			isa = PBXGroup;
			children = (
				8881070B12703F4900F74216 /* URLLoader.h */,
				8881070C12703F4900F74216 /* URLLoader.m */,
				88535B611276820700B35A78 /* URLConnection.h */,
				88535B621276820700B35A78 /* URLConnection.m */,
			);
			path = Network;
			sourceTree = "<group>";
		};
		8881071E127046D700F74216 /* Network */ = {
			isa = PBXGroup;
			children = (
				8881073C1270478400F74216 /* URLLoaderTest.h */,
				8881073D1270478400F74216 /* URLLoaderTest.m */,
			);
			path = Network;
			sourceTree = "<group>";
		};
		888D6C0F1329D37C008D50F0 /* twitter */ = {
			isa = PBXGroup;
			children = (
				888D6C141329D3CD008D50F0 /* noimage@2x.png */,
			);
			path = twitter;
			sourceTree = "<group>";
		};
		888D6C101329D392008D50F0 /* twitter */ = {
			isa = PBXGroup;
			children = (
				888D6C121329D3C3008D50F0 /* noimage.png */,
			);
			path = twitter;
			sourceTree = "<group>";
		};
		889C2B2512F00A1D006138FD /* icons */ = {
			isa = PBXGroup;
			children = (
				88CD65EF12F960A900153F11 /* original */,
				88CD65F012F960B200153F11 /* retina */,
				88CD65DF12F95E9C00153F11 /* Icon-72.png */,
				88CD65E012F95E9C00153F11 /* Icon-Small-50.png */,
				88CD65E112F95E9C00153F11 /* iTunesArtwork */,
				88CD65E212F95E9C00153F11 /* Icon-Small.png */,
			);
			path = icons;
			sourceTree = "<group>";
		};
		88CD65EF12F960A900153F11 /* original */ = {
			isa = PBXGroup;
			children = (
				88CD65F112F960D200153F11 /* tabbar */,
				888D6C101329D392008D50F0 /* twitter */,
			);
			path = original;
			sourceTree = "<group>";
		};
		88CD65F012F960B200153F11 /* retina */ = {
			isa = PBXGroup;
			children = (
				88CD65F212F960E500153F11 /* tabbar */,
				888D6C0F1329D37C008D50F0 /* twitter */,
			);
			path = retina;
			sourceTree = "<group>";
		};
		88CD65F112F960D200153F11 /* tabbar */ = {
			isa = PBXGroup;
			children = (
				88CD65F612F9610000153F11 /* public.png */,
			);
			path = tabbar;
			sourceTree = "<group>";
		};
		88CD65F212F960E500153F11 /* tabbar */ = {
			isa = PBXGroup;
			children = (
				88CD65F812F9610500153F11 /* public@2x.png */,
			);
			path = tabbar;
			sourceTree = "<group>";
		};
		88DB50C01276DE68005F4E2A /* TimeLineViewController */ = {
			isa = PBXGroup;
			children = (
				8881063D12702DDE00F74216 /* TimeLineViewController.h */,
				8881063E12702DDE00F74216 /* TimeLineViewController.m */,
			);
			path = TimeLineViewController;
			sourceTree = "<group>";
		};
		88DB50D01276E18D005F4E2A /* img */ = {
			isa = PBXGroup;
			children = (
				889C2B2512F00A1D006138FD /* icons */,
				88CD65EB12F9609D00153F11 /* Default-Landscape.png */,
				88CD65EC12F9609D00153F11 /* Default-Portrait.png */,
			);
			path = img;
			sourceTree = "<group>";
		};
		88F7A0E112FAA7A200934680 /* OAuth */ = {
			isa = PBXGroup;
			children = (
				881611941302BB8F00A6EAB3 /* NSData+Base64.h */,
				881611951302BB8F00A6EAB3 /* NSData+Base64.m */,
				881611961302BB8F00A6EAB3 /* OAuth+Additions.h */,
				881611971302BB8F00A6EAB3 /* OAuth+Additions.m */,
				881611981302BB8F00A6EAB3 /* OAuthCore.h */,
				881611991302BB8F00A6EAB3 /* OAuthCore.m */,
			);
			path = OAuth;
			sourceTree = "<group>";
		};
/* End PBXGroup section */

/* Begin PBXNativeTarget section */
		1D6058900D05DD3D006BFB54 /* iPadApp */ = {
			isa = PBXNativeTarget;
			buildConfigurationList = 1D6058960D05DD3E006BFB54 /* Build configuration list for PBXNativeTarget "iPadApp" */;
			buildPhases = (
				1D60588D0D05DD3D006BFB54 /* Resources */,
				1D60588E0D05DD3D006BFB54 /* Sources */,
				1D60588F0D05DD3D006BFB54 /* Frameworks */,
			);
			buildRules = (
			);
			dependencies = (
			);
			name = iPadApp;
			productName = iPadApp;
			productReference = 1D6058910D05DD3D006BFB54 /* iPadApp.app */;
			productType = "com.apple.product-type.application";
		};
		8873F4A812FA3B2800BE1FA1 /* AuthorizeTest */ = {
			isa = PBXNativeTarget;
			buildConfigurationList = 8873F4AD12FA3B2900BE1FA1 /* Build configuration list for PBXNativeTarget "AuthorizeTest" */;
			buildPhases = (
				8873F4A412FA3B2800BE1FA1 /* Resources */,
				8873F4A512FA3B2800BE1FA1 /* Sources */,
				8873F4A612FA3B2800BE1FA1 /* Frameworks */,
				8873F4A712FA3B2800BE1FA1 /* ShellScript */,
			);
			buildRules = (
			);
			dependencies = (
			);
			name = AuthorizeTest;
			productName = AuthorizeTest;
			productReference = 8873F4A912FA3B2800BE1FA1 /* AuthorizeTest.octest */;
			productType = "com.apple.product-type.bundle";
		};
		8881065A127034D800F74216 /* TimeLineTest */ = {
			isa = PBXNativeTarget;
			buildConfigurationList = 8881065F127034D900F74216 /* Build configuration list for PBXNativeTarget "TimeLineTest" */;
			buildPhases = (
				88810656127034D800F74216 /* Resources */,
				88810657127034D800F74216 /* Sources */,
				88810658127034D800F74216 /* Frameworks */,
				88810659127034D800F74216 /* ShellScript */,
			);
			buildRules = (
			);
			dependencies = (
			);
			name = TimeLineTest;
			productName = TimeLineTest;
			productReference = 8881065B127034D800F74216 /* TimeLineTest.octest */;
			productType = "com.apple.product-type.bundle";
		};
		88810723127046EF00F74216 /* URLLoaderTest */ = {
			isa = PBXNativeTarget;
			buildConfigurationList = 88810728127046EF00F74216 /* Build configuration list for PBXNativeTarget "URLLoaderTest" */;
			buildPhases = (
				8881071F127046EF00F74216 /* Resources */,
				88810720127046EF00F74216 /* Sources */,
				88810721127046EF00F74216 /* Frameworks */,
				88810722127046EF00F74216 /* ShellScript */,
			);
			buildRules = (
			);
			dependencies = (
			);
			name = URLLoaderTest;
			productName = NetworkTest;
			productReference = 88810724127046EF00F74216 /* NetworkTest.octest */;
			productType = "com.apple.product-type.bundle";
		};
/* End PBXNativeTarget section */

/* Begin PBXProject section */
		29B97313FDCFA39411CA2CEA /* Project object */ = {
			isa = PBXProject;
			buildConfigurationList = C01FCF4E08A954540054247B /* Build configuration list for PBXProject "iPadApp" */;
			compatibilityVersion = "Xcode 3.1";
			developmentRegion = English;
			hasScannedForEncodings = 1;
			knownRegions = (
				English,
				Japanese,
				French,
				German,
			);
			mainGroup = 29B97314FDCFA39411CA2CEA /* CustomTemplate */;
			projectDirPath = "";
			projectRoot = "";
			targets = (
				1D6058900D05DD3D006BFB54 /* iPadApp */,
				882344C513271438005ECBA8 /* AllTests */,
				8873F4A812FA3B2800BE1FA1 /* AuthorizeTest */,
				8881065A127034D800F74216 /* TimeLineTest */,
				88810723127046EF00F74216 /* URLLoaderTest */,
			);
		};
/* End PBXProject section */

/* Begin PBXResourcesBuildPhase section */
		1D60588D0D05DD3D006BFB54 /* Resources */ = {
			isa = PBXResourcesBuildPhase;
			buildActionMask = 2147483647;
			files = (
				28AD733F0D9D9553002E5188 /* MainWindow.xib in Resources */,
				88CD65E312F95E9C00153F11 /* Icon-72.png in Resources */,
				88CD65E412F95E9C00153F11 /* Icon-Small-50.png in Resources */,
				88CD65E512F95E9C00153F11 /* iTunesArtwork in Resources */,
				88CD65E612F95E9C00153F11 /* Icon-Small.png in Resources */,
				88CD65ED12F9609D00153F11 /* Default-Landscape.png in Resources */,
				88CD65EE12F9609D00153F11 /* Default-Portrait.png in Resources */,
				88CD65F712F9610000153F11 /* public.png in Resources */,
				88CD65F912F9610500153F11 /* public@2x.png in Resources */,
				887ADD4512F97ACA004BD2A1 /* InfoPlist.strings in Resources */,
				887ADD4112F97AB6004BD2A1 /* Localizable.strings in Resources */,
				888D6C131329D3C3008D50F0 /* noimage.png in Resources */,
				888D6C151329D3CD008D50F0 /* noimage@2x.png in Resources */,
				8865C097132A548200492799 /* TweetViewController.xib in Resources */,
			);
			runOnlyForDeploymentPostprocessing = 0;
		};
		8873F4A412FA3B2800BE1FA1 /* Resources */ = {
			isa = PBXResourcesBuildPhase;
			buildActionMask = 2147483647;
			files = (
			);
			runOnlyForDeploymentPostprocessing = 0;
		};
		88810656127034D800F74216 /* Resources */ = {
			isa = PBXResourcesBuildPhase;
			buildActionMask = 2147483647;
			files = (
			);
			runOnlyForDeploymentPostprocessing = 0;
		};
		8881071F127046EF00F74216 /* Resources */ = {
			isa = PBXResourcesBuildPhase;
			buildActionMask = 2147483647;
			files = (
			);
			runOnlyForDeploymentPostprocessing = 0;
		};
/* End PBXResourcesBuildPhase section */

/* Begin PBXShellScriptBuildPhase section */
		882344C413271438005ECBA8 /* ShellScript */ = {
			isa = PBXShellScriptBuildPhase;
			buildActionMask = 2147483647;
			files = (
			);
			inputPaths = (
			);
			outputPaths = (
			);
			runOnlyForDeploymentPostprocessing = 0;
			shellPath = /bin/sh;
			shellScript = "# shell script goes here\nexit 0";
		};
		8873F4A712FA3B2800BE1FA1 /* ShellScript */ = {
			isa = PBXShellScriptBuildPhase;
			buildActionMask = 2147483647;
			files = (
			);
			inputPaths = (
			);
			outputPaths = (
			);
			runOnlyForDeploymentPostprocessing = 0;
			shellPath = /bin/sh;
			shellScript = "# Run the unit tests in this test bundle.\n\"${SYSTEM_DEVELOPER_DIR}/Tools/RunUnitTests\"\n";
		};
		88810659127034D800F74216 /* ShellScript */ = {
			isa = PBXShellScriptBuildPhase;
			buildActionMask = 2147483647;
			files = (
			);
			inputPaths = (
			);
			outputPaths = (
			);
			runOnlyForDeploymentPostprocessing = 0;
			shellPath = /bin/sh;
			shellScript = "# Run the unit tests in this test bundle.\n\"${SYSTEM_DEVELOPER_DIR}/Tools/RunUnitTests\"\n";
		};
		88810722127046EF00F74216 /* ShellScript */ = {
			isa = PBXShellScriptBuildPhase;
			buildActionMask = 2147483647;
			files = (
			);
			inputPaths = (
			);
			outputPaths = (
			);
			runOnlyForDeploymentPostprocessing = 0;
			shellPath = /bin/sh;
			shellScript = "# Run the unit tests in this test bundle.\n\"${SYSTEM_DEVELOPER_DIR}/Tools/RunUnitTests\"\n";
		};
/* End PBXShellScriptBuildPhase section */

/* Begin PBXSourcesBuildPhase section */
		1D60588E0D05DD3D006BFB54 /* Sources */ = {
			isa = PBXSourcesBuildPhase;
			buildActionMask = 2147483647;
			files = (
				88535B9D1276A40F00B35A78 /* AlertUtil.m in Sources */,
				1D3623260D0F684500981E51 /* AppDelegate.m in Sources */,
				1D60589B0D05DD56006BFB54 /* main.m in Sources */,
				8803442612713B4400C25398 /* NSArray+Util.m in Sources */,
				888106ED12703ABE00F74216 /* NSObject+SBJSON.m in Sources */,
				888106EE12703ABE00F74216 /* NSString+SBJSON.m in Sources */,
				8881063F12702DDE00F74216 /* TimeLineViewController.m in Sources */,
				888106EF12703ABE00F74216 /* SBJsonBase.m in Sources */,
				888106F012703ABE00F74216 /* SBJsonParser.m in Sources */,
				888106F112703ABE00F74216 /* SBJsonWriter.m in Sources */,
				88810643127030BA00F74216 /* TimeLine.m in Sources */,
				888E633D12717EE7002C18DF /* UIImage+Util.m in Sources */,
				8881070D12703F4900F74216 /* URLLoader.m in Sources */,
				88535B631276820700B35A78 /* URLConnection.m in Sources */,
				8811D69F12791999008D64E5 /* NSString+Util.m in Sources */,
				8847DA2512AE1D37003F30EF /* RootViewController.m in Sources */,
				8866916D12ED442500CD3D2F /* HeaderTrgger.m in Sources */,
				886691A612ED4E3000CD3D2F /* TabBarController.m in Sources */,
				8816119A1302BB8F00A6EAB3 /* NSData+Base64.m in Sources */,
				8816119B1302BB8F00A6EAB3 /* OAuth+Additions.m in Sources */,
				8816119C1302BB8F00A6EAB3 /* OAuthCore.m in Sources */,
				88CDB3341303D16C00D93CD0 /* NSData+Util.m in Sources */,
				888D6B881329C2F2008D50F0 /* Authorize.m in Sources */,
				8865C09C132A559B00492799 /* TweetViewController.m in Sources */,
			);
			runOnlyForDeploymentPostprocessing = 0;
		};
		8873F4A512FA3B2800BE1FA1 /* Sources */ = {
			isa = PBXSourcesBuildPhase;
			buildActionMask = 2147483647;
			files = (
				8873F5FD12FA4D8800BE1FA1 /* AlertUtil.m in Sources */,
				8873F4B012FA3B9C00BE1FA1 /* Authorize.m in Sources */,
				8873F4C312FA3C2C00BE1FA1 /* AuthorizeTest.m in Sources */,
				8873F4B112FA3BB100BE1FA1 /* NSArray+Util.m in Sources */,
				88CDB3351303D16C00D93CD0 /* NSData+Util.m in Sources */,
				8816119D1302BB8F00A6EAB3 /* NSData+Base64.m in Sources */,
				8873F4B212FA3BB100BE1FA1 /* NSString+Util.m in Sources */,
				8816119E1302BB8F00A6EAB3 /* OAuth+Additions.m in Sources */,
				8816119F1302BB8F00A6EAB3 /* OAuthCore.m in Sources */,
				8873F5D912FA4A6600BE1FA1 /* URLConnection.m in Sources */,
				8873F5D812FA4A6600BE1FA1 /* URLLoader.m in Sources */,
			);
			runOnlyForDeploymentPostprocessing = 0;
		};
		88810657127034D800F74216 /* Sources */ = {
			isa = PBXSourcesBuildPhase;
			buildActionMask = 2147483647;
			files = (
				88DB50761276D452005F4E2A /* AlertUtil.m in Sources */,
				880AAF3B1309FE4000F6C4D7 /* Authorize.m in Sources */,
				888106E812703ABE00F74216 /* NSObject+SBJSON.m in Sources */,
				888106E912703ABE00F74216 /* NSString+SBJSON.m in Sources */,
				8811D6A0127919FC008D64E5 /* NSString+Util.m in Sources */,
				880AAF461309FE5F00F6C4D7 /* NSData+Base64.m in Sources */,
				880AAF471309FE5F00F6C4D7 /* OAuth+Additions.m in Sources */,
				880AAF481309FE5F00F6C4D7 /* OAuthCore.m in Sources */,
				888106EA12703ABE00F74216 /* SBJsonBase.m in Sources */,
				888106EB12703ABE00F74216 /* SBJsonParser.m in Sources */,
				888106EC12703ABE00F74216 /* SBJsonWriter.m in Sources */,
				888106AA1270376900F74216 /* TimeLine.m in Sources */,
				888106AF1270378400F74216 /* TimeLineTest.m in Sources */,
				8811D6BB12791A47008D64E5 /* UIImage+Util.m in Sources */,
				88DB50321276D2B3005F4E2A /* URLConnection.m in Sources */,
				8881070E12703F4900F74216 /* URLLoader.m in Sources */,
			);
			runOnlyForDeploymentPostprocessing = 0;
		};
		88810720127046EF00F74216 /* Sources */ = {
			isa = PBXSourcesBuildPhase;
			buildActionMask = 2147483647;
			files = (
				88535BD81276A8D300B35A78 /* AlertUtil.m in Sources */,
				88CDB3931303D92500D93CD0 /* NSData+Util.m in Sources */,
				8873F62B12FA588800BE1FA1 /* NSString+Util.m in Sources */,
				88535BE21276A90F00B35A78 /* URLConnection.m in Sources */,
				8881072B1270474200F74216 /* URLLoader.m in Sources */,
				8881073E1270478400F74216 /* URLLoaderTest.m in Sources */,
			);
			runOnlyForDeploymentPostprocessing = 0;
		};
/* End PBXSourcesBuildPhase section */

/* Begin PBXTargetDependency section */
		882344C913271441005ECBA8 /* PBXTargetDependency */ = {
			isa = PBXTargetDependency;
			target = 8873F4A812FA3B2800BE1FA1 /* AuthorizeTest */;
			targetProxy = 882344C813271441005ECBA8 /* PBXContainerItemProxy */;
		};
		882344CB13271441005ECBA8 /* PBXTargetDependency */ = {
			isa = PBXTargetDependency;
			target = 8881065A127034D800F74216 /* TimeLineTest */;
			targetProxy = 882344CA13271441005ECBA8 /* PBXContainerItemProxy */;
		};
		882344CD13271441005ECBA8 /* PBXTargetDependency */ = {
			isa = PBXTargetDependency;
			target = 88810723127046EF00F74216 /* URLLoaderTest */;
			targetProxy = 882344CC13271441005ECBA8 /* PBXContainerItemProxy */;
		};
/* End PBXTargetDependency section */

/* Begin PBXVariantGroup section */
		887ADD4012F97AB6004BD2A1 /* Localizable.strings */ = {
			isa = PBXVariantGroup;
			children = (
				887ADD3E12F97A8F004BD2A1 /* English */,
				887ADD4212F97AC0004BD2A1 /* French */,
				887ADD4312F97AC5004BD2A1 /* Japanese */,
			);
			name = Localizable.strings;
			sourceTree = "<group>";
		};
		887ADD4412F97ACA004BD2A1 /* InfoPlist.strings */ = {
			isa = PBXVariantGroup;
			children = (
				887ADD3B12F97A52004BD2A1 /* English */,
				887ADD4612F97AD2004BD2A1 /* French */,
				887ADD4712F97AD5004BD2A1 /* Japanese */,
			);
			name = InfoPlist.strings;
			sourceTree = "<group>";
		};
/* End PBXVariantGroup section */

/* Begin XCBuildConfiguration section */
		1D6058940D05DD3E006BFB54 /* Debug */ = {
			isa = XCBuildConfiguration;
			buildSettings = {
				ALWAYS_SEARCH_USER_PATHS = NO;
				COPY_PHASE_STRIP = NO;
				GCC_DYNAMIC_NO_PIC = NO;
				GCC_OPTIMIZATION_LEVEL = 0;
				GCC_PRECOMPILE_PREFIX_HEADER = YES;
				GCC_PREFIX_HEADER = Classes/src/main/Prefix.pch;
				INFOPLIST_FILE = "Resources/plist/iPadApp-Info.plist";
				LIBRARY_SEARCH_PATHS = (
					"$(inherited)",
					"\"$(SRCROOT)/Frameworks/OCHamcrest\"",
					"\"$(SRCROOT)/Frameworks/OCMock\"",
				);
				PRODUCT_NAME = iPadApp;
			};
			name = Debug;
		};
		1D6058950D05DD3E006BFB54 /* Release */ = {
			isa = XCBuildConfiguration;
			buildSettings = {
				ALWAYS_SEARCH_USER_PATHS = NO;
				COPY_PHASE_STRIP = YES;
				GCC_PRECOMPILE_PREFIX_HEADER = YES;
				GCC_PREFIX_HEADER = Classes/src/main/Prefix.pch;
				INFOPLIST_FILE = "Resources/plist/iPadApp-Info.plist";
				LIBRARY_SEARCH_PATHS = (
					"$(inherited)",
					"\"$(SRCROOT)/Frameworks/OCHamcrest\"",
					"\"$(SRCROOT)/Frameworks/OCMock\"",
				);
				PRODUCT_NAME = iPadApp;
				VALIDATE_PRODUCT = YES;
			};
			name = Release;
		};
		882344C613271438005ECBA8 /* Debug */ = {
			isa = XCBuildConfiguration;
			buildSettings = {
				COPY_PHASE_STRIP = NO;
				GCC_DYNAMIC_NO_PIC = NO;
				GCC_OPTIMIZATION_LEVEL = 0;
				PRODUCT_NAME = AllTests;
			};
			name = Debug;
		};
		882344C713271438005ECBA8 /* Release */ = {
			isa = XCBuildConfiguration;
			buildSettings = {
				COPY_PHASE_STRIP = YES;
				DEBUG_INFORMATION_FORMAT = "dwarf-with-dsym";
				GCC_ENABLE_FIX_AND_CONTINUE = NO;
				PRODUCT_NAME = AllTests;
				ZERO_LINK = NO;
			};
			name = Release;
		};
		8873F4AB12FA3B2900BE1FA1 /* Debug */ = {
			isa = XCBuildConfiguration;
			buildSettings = {
				ALWAYS_SEARCH_USER_PATHS = NO;
				"CODE_SIGN_IDENTITY[sdk=iphoneos*]" = "";
				COPY_PHASE_STRIP = NO;
				FRAMEWORK_SEARCH_PATHS = (
					"\"$(SDKROOT)/Developer/Library/Frameworks\"",
					"\"$(DEVELOPER_LIBRARY_DIR)/Frameworks\"",
				);
				GCC_DYNAMIC_NO_PIC = NO;
				GCC_ENABLE_FIX_AND_CONTINUE = NO;
				GCC_ENABLE_OBJC_EXCEPTIONS = YES;
				GCC_GENERATE_TEST_COVERAGE_FILES = YES;
				GCC_INSTRUMENT_PROGRAM_FLOW_ARCS = YES;
				GCC_OPTIMIZATION_LEVEL = 0;
				HEADER_SEARCH_PATHS = (
					"\"$(SRCROOT)/Frameworks/OCHamcrest/Headers\"/**",
					"\"$(SRCROOT)/Frameworks/OCMock/Headers\"/**",
				);
				INFOPLIST_FILE = "Resources/plist/Test/AuthorizeTest-Info.plist";
				LIBRARY_SEARCH_PATHS = (
					"\"$(SRCROOT)/Frameworks/OCHamcrest\"/**",
					"\"$(SRCROOT)/Frameworks/OCMock\"/**",
					"\"$(SRCROOT)/Frameworks/OCHamcrest\"",
					"\"$(SRCROOT)/Frameworks/OCMock\"",
				);
				OTHER_CFLAGS = "-DUNIT_TEST";
				OTHER_LDFLAGS = (
					"-framework",
					Foundation,
					"-framework",
					SenTestingKit,
					"-framework",
					UIKit,
					"-all_load",
					"-lstdc++",
					"-lgcov",
				);
				PREBINDING = NO;
				PRODUCT_NAME = AuthorizeTest;
				SDKROOT = iphoneos;
				WRAPPER_EXTENSION = octest;
			};
			name = Debug;
		};
		8873F4AC12FA3B2900BE1FA1 /* Release */ = {
			isa = XCBuildConfiguration;
			buildSettings = {
				ALWAYS_SEARCH_USER_PATHS = NO;
				"CODE_SIGN_IDENTITY[sdk=iphoneos*]" = "";
				COPY_PHASE_STRIP = YES;
				DEBUG_INFORMATION_FORMAT = "dwarf-with-dsym";
				FRAMEWORK_SEARCH_PATHS = (
					"\"$(SDKROOT)/Developer/Library/Frameworks\"",
					"\"$(DEVELOPER_LIBRARY_DIR)/Frameworks\"",
				);
				GCC_ENABLE_FIX_AND_CONTINUE = NO;
				GCC_ENABLE_OBJC_EXCEPTIONS = YES;
				GCC_GENERATE_TEST_COVERAGE_FILES = YES;
				GCC_INSTRUMENT_PROGRAM_FLOW_ARCS = YES;
				HEADER_SEARCH_PATHS = (
					"\"$(SRCROOT)/Frameworks/OCHamcrest/Headers\"/**",
					"\"$(SRCROOT)/Frameworks/OCMock/Headers\"/**",
				);
				INFOPLIST_FILE = "Resources/plist/Test/AuthorizeTest-Info.plist";
				LIBRARY_SEARCH_PATHS = (
					"\"$(SRCROOT)/Frameworks/OCHamcrest\"/**",
					"\"$(SRCROOT)/Frameworks/OCMock\"/**",
					"\"$(SRCROOT)/Frameworks/OCHamcrest\"",
					"\"$(SRCROOT)/Frameworks/OCMock\"",
				);
				OTHER_CFLAGS = (
					"-DNS_BLOCK_ASSERTIONS=1",
					"-DUNIT_TEST",
				);
				OTHER_LDFLAGS = (
					"-framework",
					Foundation,
					"-framework",
					SenTestingKit,
					"-framework",
					UIKit,
					"-all_load",
					"-lstdc++",
					"-lgcov",
				);
				PREBINDING = NO;
				PRODUCT_NAME = AuthorizeTest;
				SDKROOT = iphoneos;
				WRAPPER_EXTENSION = octest;
				ZERO_LINK = NO;
			};
			name = Release;
		};
		8881065D127034D800F74216 /* Debug */ = {
			isa = XCBuildConfiguration;
			buildSettings = {
				ALWAYS_SEARCH_USER_PATHS = NO;
				"CODE_SIGN_IDENTITY[sdk=iphoneos*]" = "";
				COPY_PHASE_STRIP = NO;
				FRAMEWORK_SEARCH_PATHS = (
					"\"$(SDKROOT)/Developer/Library/Frameworks\"",
					"\"$(DEVELOPER_LIBRARY_DIR)/Frameworks\"",
				);
				GCC_DYNAMIC_NO_PIC = NO;
				GCC_ENABLE_FIX_AND_CONTINUE = NO;
				GCC_ENABLE_OBJC_EXCEPTIONS = YES;
				GCC_GENERATE_TEST_COVERAGE_FILES = YES;
				GCC_INSTRUMENT_PROGRAM_FLOW_ARCS = YES;
				GCC_OPTIMIZATION_LEVEL = 0;
				HEADER_SEARCH_PATHS = (
					"\"$(SRCROOT)/Frameworks/OCHamcrest/Headers\"/**",
					"\"$(SRCROOT)/Frameworks/OCMock/Headers\"/**",
				);
				INFOPLIST_FILE = "Resources/plist/Test/TimeLineTest-Info.plist";
				LIBRARY_SEARCH_PATHS = (
					"\"$(SRCROOT)/Frameworks/OCHamcrest\"/**",
					"\"$(SRCROOT)/Frameworks/OCMock\"/**",
				);
				OTHER_CFLAGS = "-DUNIT_TEST";
				OTHER_LDFLAGS = (
					"-framework",
					Foundation,
					"-framework",
					SenTestingKit,
					"-framework",
					UIKit,
					"-all_load",
					"-lstdc++",
					"-lgcov",
				);
				PREBINDING = NO;
				PRODUCT_NAME = TimeLineTest;
				SDKROOT = iphoneos;
				WRAPPER_EXTENSION = octest;
			};
			name = Debug;
		};
		8881065E127034D800F74216 /* Release */ = {
			isa = XCBuildConfiguration;
			buildSettings = {
				ALWAYS_SEARCH_USER_PATHS = NO;
				"CODE_SIGN_IDENTITY[sdk=iphoneos*]" = "";
				COPY_PHASE_STRIP = YES;
				DEBUG_INFORMATION_FORMAT = "dwarf-with-dsym";
				FRAMEWORK_SEARCH_PATHS = (
					"\"$(SDKROOT)/Developer/Library/Frameworks\"",
					"\"$(DEVELOPER_LIBRARY_DIR)/Frameworks\"",
				);
				GCC_ENABLE_FIX_AND_CONTINUE = NO;
				GCC_ENABLE_OBJC_EXCEPTIONS = YES;
				GCC_GENERATE_TEST_COVERAGE_FILES = YES;
				GCC_INSTRUMENT_PROGRAM_FLOW_ARCS = YES;
				HEADER_SEARCH_PATHS = (
					"\"$(SRCROOT)/Frameworks/OCHamcrest/Headers\"/**",
					"\"$(SRCROOT)/Frameworks/OCMock/Headers\"/**",
				);
				INFOPLIST_FILE = "Resources/plist/Test/TimeLineTest-Info.plist";
				LIBRARY_SEARCH_PATHS = (
					"\"$(SRCROOT)/Frameworks/OCHamcrest\"/**",
					"\"$(SRCROOT)/Frameworks/OCMock\"/**",
				);
				OTHER_CFLAGS = (
					"-DNS_BLOCK_ASSERTIONS=1",
					"-DUNIT_TEST",
				);
				OTHER_LDFLAGS = (
					"-framework",
					Foundation,
					"-framework",
					SenTestingKit,
					"-framework",
					UIKit,
					"-all_load",
					"-lstdc++",
					"-lgcov",
				);
				PREBINDING = NO;
				PRODUCT_NAME = TimeLineTest;
				SDKROOT = iphoneos;
				WRAPPER_EXTENSION = octest;
				ZERO_LINK = NO;
			};
			name = Release;
		};
		88810726127046EF00F74216 /* Debug */ = {
			isa = XCBuildConfiguration;
			buildSettings = {
				ALWAYS_SEARCH_USER_PATHS = NO;
				"CODE_SIGN_IDENTITY[sdk=iphoneos*]" = "";
				COPY_PHASE_STRIP = NO;
				FRAMEWORK_SEARCH_PATHS = (
					"\"$(SDKROOT)/Developer/Library/Frameworks\"",
					"\"$(DEVELOPER_LIBRARY_DIR)/Frameworks\"",
				);
				GCC_DYNAMIC_NO_PIC = NO;
				GCC_ENABLE_FIX_AND_CONTINUE = NO;
				GCC_ENABLE_OBJC_EXCEPTIONS = YES;
				GCC_GENERATE_TEST_COVERAGE_FILES = YES;
				GCC_INSTRUMENT_PROGRAM_FLOW_ARCS = YES;
				GCC_OPTIMIZATION_LEVEL = 0;
				HEADER_SEARCH_PATHS = (
					"\"$(SRCROOT)/Frameworks/OCHamcrest/Headers\"/**",
					"\"$(SRCROOT)/Frameworks/OCMock/Headers\"/**",
				);
				INFOPLIST_FILE = "Resources/plist/Test/NetworkTest-Info.plist";
				LIBRARY_SEARCH_PATHS = (
					"\"$(SRCROOT)/Frameworks/OCHamcrest\"/**",
					"\"$(SRCROOT)/Frameworks/OCMock\"/**",
					"\"$(SRCROOT)/Frameworks/OCHamcrest\"",
					"\"$(SRCROOT)/Frameworks/OCMock\"",
				);
				OTHER_CFLAGS = "-DUNIT_TEST";
				OTHER_LDFLAGS = (
					"-framework",
					Foundation,
					"-framework",
					SenTestingKit,
					"-framework",
					UIKit,
					"-all_load",
					"-lstdc++",
					"-lgcov",
				);
				PREBINDING = NO;
				PRODUCT_NAME = NetworkTest;
				SDKROOT = iphoneos;
				WRAPPER_EXTENSION = octest;
			};
			name = Debug;
		};
		88810727127046EF00F74216 /* Release */ = {
			isa = XCBuildConfiguration;
			buildSettings = {
				ALWAYS_SEARCH_USER_PATHS = NO;
				"CODE_SIGN_IDENTITY[sdk=iphoneos*]" = "";
				COPY_PHASE_STRIP = YES;
				DEBUG_INFORMATION_FORMAT = "dwarf-with-dsym";
				FRAMEWORK_SEARCH_PATHS = (
					"\"$(SDKROOT)/Developer/Library/Frameworks\"",
					"\"$(DEVELOPER_LIBRARY_DIR)/Frameworks\"",
				);
				GCC_ENABLE_FIX_AND_CONTINUE = NO;
				GCC_ENABLE_OBJC_EXCEPTIONS = YES;
				GCC_GENERATE_TEST_COVERAGE_FILES = YES;
				GCC_INSTRUMENT_PROGRAM_FLOW_ARCS = YES;
				HEADER_SEARCH_PATHS = (
					"\"$(SRCROOT)/Frameworks/OCHamcrest/Headers\"/**",
					"\"$(SRCROOT)/Frameworks/OCMock/Headers\"/**",
				);
				INFOPLIST_FILE = "Resources/plist/Test/NetworkTest-Info.plist";
				LIBRARY_SEARCH_PATHS = (
					"\"$(SRCROOT)/Frameworks/OCHamcrest\"/**",
					"\"$(SRCROOT)/Frameworks/OCMock\"/**",
					"\"$(SRCROOT)/Frameworks/OCHamcrest\"",
					"\"$(SRCROOT)/Frameworks/OCMock\"",
				);
				OTHER_CFLAGS = (
					"-DNS_BLOCK_ASSERTIONS=1",
					"-DUNIT_TEST",
				);
				OTHER_LDFLAGS = (
					"-framework",
					Foundation,
					"-framework",
					SenTestingKit,
					"-framework",
					UIKit,
					"-all_load",
					"-lstdc++",
					"-lgcov",
				);
				PREBINDING = NO;
				PRODUCT_NAME = NetworkTest;
				SDKROOT = iphoneos;
				WRAPPER_EXTENSION = octest;
				ZERO_LINK = NO;
			};
			name = Release;
		};
		C01FCF4F08A954540054247B /* Debug */ = {
			isa = XCBuildConfiguration;
			buildSettings = {
				ARCHS = "$(ARCHS_UNIVERSAL_IPHONE_OS)";
				"CODE_SIGN_IDENTITY[sdk=iphoneos*]" = "iPhone Developer";
				GCC_C_LANGUAGE_STANDARD = c99;
				GCC_WARN_ABOUT_RETURN_TYPE = YES;
				GCC_WARN_UNUSED_VARIABLE = YES;
				PREBINDING = NO;
				SDKROOT = iphoneos;
				TARGETED_DEVICE_FAMILY = 2;
			};
			name = Debug;
		};
		C01FCF5008A954540054247B /* Release */ = {
			isa = XCBuildConfiguration;
			buildSettings = {
				ARCHS = "$(ARCHS_UNIVERSAL_IPHONE_OS)";
				"CODE_SIGN_IDENTITY[sdk=iphoneos*]" = "iPhone Developer";
				GCC_C_LANGUAGE_STANDARD = c99;
				GCC_WARN_ABOUT_RETURN_TYPE = YES;
				GCC_WARN_UNUSED_VARIABLE = YES;
				OTHER_CFLAGS = "-DNS_BLOCK_ASSERTIONS=1";
				PREBINDING = NO;
				SDKROOT = iphoneos;
				TARGETED_DEVICE_FAMILY = 2;
			};
			name = Release;
		};
/* End XCBuildConfiguration section */

/* Begin XCConfigurationList section */
		1D6058960D05DD3E006BFB54 /* Build configuration list for PBXNativeTarget "iPadApp" */ = {
			isa = XCConfigurationList;
			buildConfigurations = (
				1D6058940D05DD3E006BFB54 /* Debug */,
				1D6058950D05DD3E006BFB54 /* Release */,
			);
			defaultConfigurationIsVisible = 0;
			defaultConfigurationName = Release;
		};
		882344D213271452005ECBA8 /* Build configuration list for PBXAggregateTarget "AllTests" */ = {
			isa = XCConfigurationList;
			buildConfigurations = (
				882344C613271438005ECBA8 /* Debug */,
				882344C713271438005ECBA8 /* Release */,
			);
			defaultConfigurationIsVisible = 0;
			defaultConfigurationName = Release;
		};
		8873F4AD12FA3B2900BE1FA1 /* Build configuration list for PBXNativeTarget "AuthorizeTest" */ = {
			isa = XCConfigurationList;
			buildConfigurations = (
				8873F4AB12FA3B2900BE1FA1 /* Debug */,
				8873F4AC12FA3B2900BE1FA1 /* Release */,
			);
			defaultConfigurationIsVisible = 0;
			defaultConfigurationName = Release;
		};
		8881065F127034D900F74216 /* Build configuration list for PBXNativeTarget "TimeLineTest" */ = {
			isa = XCConfigurationList;
			buildConfigurations = (
				8881065D127034D800F74216 /* Debug */,
				8881065E127034D800F74216 /* Release */,
			);
			defaultConfigurationIsVisible = 0;
			defaultConfigurationName = Release;
		};
		88810728127046EF00F74216 /* Build configuration list for PBXNativeTarget "URLLoaderTest" */ = {
			isa = XCConfigurationList;
			buildConfigurations = (
				88810726127046EF00F74216 /* Debug */,
				88810727127046EF00F74216 /* Release */,
			);
			defaultConfigurationIsVisible = 0;
			defaultConfigurationName = Release;
		};
		C01FCF4E08A954540054247B /* Build configuration list for PBXProject "iPadApp" */ = {
			isa = XCConfigurationList;
			buildConfigurations = (
				C01FCF4F08A954540054247B /* Debug */,
				C01FCF5008A954540054247B /* Release */,
			);
			defaultConfigurationIsVisible = 0;
			defaultConfigurationName = Release;
		};
/* End XCConfigurationList section */
	};
	rootObject = 29B97313FDCFA39411CA2CEA /* Project object */;
}
